
Microsoft Visual Studio Solution File, Format Version 12.00
# Visual Studio Version 17
VisualStudioVersion = 17.3.32505.426
MinimumVisualStudioVersion = 10.0.40219.1
Project("{FAE04EC0-301F-11D3-BF4B-00C04F79EFBC}") = "Onof.Server", "Onof\Server\Onof.Server.csproj", "{64AB38C3-EEF4-47FB-8621-5D3271DEA2CD}"
EndProject
Project("{FAE04EC0-301F-11D3-BF4B-00C04F79EFBC}") = "Onof.Client", "Onof\Client\Onof.Client.csproj", "{4DB5BDBB-7F5C-4A6E-ACFE-7C71DC8B5801}"
EndProject
Project("{FAE04EC0-301F-11D3-BF4B-00C04F79EFBC}") = "Onof.Shared", "Onof\Shared\Onof.Shared.csproj", "{4D3B7714-25C0-4D99-82E3-8B2B1F9E17FE}"
EndProject
Global
	GlobalSection(SolutionConfigurationPlatforms) = preSolution
		Debug|Any CPU = Debug|Any CPU
		Release|Any CPU = Release|Any CPU
	EndGlobalSection
	GlobalSection(ProjectConfigurationPlatforms) = postSolution
		{64AB38C3-EEF4-47FB-8621-5D3271DEA2CD}.Debug|Any CPU.ActiveCfg = Debug|Any CPU
		{64AB38C3-EEF4-47FB-8621-5D3271DEA2CD}.Debug|Any CPU.Build.0 = Debug|Any CPU
		{64AB38C3-EEF4-47FB-8621-5D3271DEA2CD}.Release|Any CPU.ActiveCfg = Release|Any CPU
		{64AB38C3-EEF4-47FB-8621-5D3271DEA2CD}.Release|Any CPU.Build.0 = Release|Any CPU
		{4DB5BDBB-7F5C-4A6E-ACFE-7C71DC8B5801}.Debug|Any CPU.ActiveCfg = Debug|Any CPU
		{4DB5BDBB-7F5C-4A6E-ACFE-7C71DC8B5801}.Debug|Any CPU.Build.0 = Debug|Any CPU
		{4DB5BDBB-7F5C-4A6E-ACFE-7C71DC8B5801}.Release|Any CPU.ActiveCfg = Release|Any CPU
		{4DB5BDBB-7F5C-4A6E-ACFE-7C71DC8B5801}.Release|Any CPU.Build.0 = Release|Any CPU
		{4D3B7714-25C0-4D99-82E3-8B2B1F9E17FE}.Debug|Any CPU.ActiveCfg = Debug|Any CPU
		{4D3B7714-25C0-4D99-82E3-8B2B1F9E17FE}.Debug|Any CPU.Build.0 = Debug|Any CPU
		{4D3B7714-25C0-4D99-82E3-8B2B1F9E17FE}.Release|Any CPU.ActiveCfg = Release|Any CPU
		{4D3B7714-25C0-4D99-82E3-8B2B1F9E17FE}.Release|Any CPU.Build.0 = Release|Any CPU
	EndGlobalSection
	GlobalSection(SolutionProperties) = preSolution
		HideSolutionNode = FALSE
	EndGlobalSection
	GlobalSection(ExtensibilityGlobals) = postSolution
		SolutionGuid = {1D199596-EB6E-4017-BA57-A737B4BA573A}
	EndGlobalSection
EndGlobal
